{
  "requires": true,
  "lockfileVersion": 1,
  "dependencies": {
    "admin-lte-css": {
      "version": "2.4.3",
      "resolved": "https://registry.npmjs.org/admin-lte-css/-/admin-lte-css-2.4.3.tgz",
      "integrity": "sha512-6fDDrRh9Fyw74lsfn3QlAptXBi1bDiHXEBBk8enScw2OfKNZORkDbNBkYsZ7spFHb7dnBdkks0PZfAN8uX4wzw=="
    },
    "angular-admin-lte": {
      "version": "2.0.1",
      "resolved": "https://registry.npmjs.org/angular-admin-lte/-/angular-admin-lte-2.0.1.tgz",
      "integrity": "sha512-RrxCF1rBz+MqIdcNWodjTqy6BErmlUSEOksTWrZAN6b742sZBNtp/FdW1vdzMrH2sycDwozqjx6jpnEt0K96sw==",
      "requires": {
        "admin-lte-css": "^2.4.3",
        "bootstrap-css-only": "^3.3.7",
        "tslib": "^1.9.0"
      }
    },
    "bootstrap-css-only": {
      "version": "3.3.7",
      "resolved": "https://registry.npmjs.org/bootstrap-css-only/-/bootstrap-css-only-3.3.7.tgz",
      "integrity": "sha1-aKFZJap7mw/A/rc/+F2LjDmJwW0="
    },
    "tslib": {
      "version": "1.10.0",
      "resolved": "https://registry.npmjs.org/tslib/-/tslib-1.10.0.tgz",
      "integrity": "sha512-qOebF53frne81cf0S9B41ByenJ3/IuH8yJKngAX35CmiZySA0khhkovshKK+jGCaMnVomla7gVlIcc3EvKPbTQ=="
    }
  }
}
