
Microsoft Visual Studio Solution File, Format Version 12.00
# Visual Studio Version 16
VisualStudioVersion = 16.0.29123.88
MinimumVisualStudioVersion = 10.0.40219.1
Project("{9A19103F-16F7-4668-BE54-9A1E7A4F7556}") = "bs.RecipesHelper.Web", "bs.RecipesHelper.Web\bs.RecipesHelper.Web.csproj", "{D5320523-847D-4781-9337-78F97B5DFE23}"
EndProject
Project("{9A19103F-16F7-4668-BE54-9A1E7A4F7556}") = "bs.RecipesHelper.Models", "bs.RecipesHelper.Models\bs.RecipesHelper.Models.csproj", "{0E513188-4925-4502-BE08-61A38CD00481}"
EndProject
Project("{9A19103F-16F7-4668-BE54-9A1E7A4F7556}") = "bs.RecipesHelper.Data.Test", "bs.RecipesHelper.Data.Test\bs.RecipesHelper.Data.Test.csproj", "{29349310-F683-4223-B226-CE6416774738}"
EndProject
Project("{FAE04EC0-301F-11D3-BF4B-00C04F79EFBC}") = "bs.RecipesHelper.Services", "bs.RecipesHelper.Services\bs.RecipesHelper.Services.csproj", "{CDA975B8-5C72-40E2-A239-56C1E855565A}"
EndProject
Global
	GlobalSection(SolutionConfigurationPlatforms) = preSolution
		Debug|Any CPU = Debug|Any CPU
		Release|Any CPU = Release|Any CPU
	EndGlobalSection
	GlobalSection(ProjectConfigurationPlatforms) = postSolution
		{D5320523-847D-4781-9337-78F97B5DFE23}.Debug|Any CPU.ActiveCfg = Debug|Any CPU
		{D5320523-847D-4781-9337-78F97B5DFE23}.Debug|Any CPU.Build.0 = Debug|Any CPU
		{D5320523-847D-4781-9337-78F97B5DFE23}.Release|Any CPU.ActiveCfg = Release|Any CPU
		{D5320523-847D-4781-9337-78F97B5DFE23}.Release|Any CPU.Build.0 = Release|Any CPU
		{0E513188-4925-4502-BE08-61A38CD00481}.Debug|Any CPU.ActiveCfg = Debug|Any CPU
		{0E513188-4925-4502-BE08-61A38CD00481}.Debug|Any CPU.Build.0 = Debug|Any CPU
		{0E513188-4925-4502-BE08-61A38CD00481}.Release|Any CPU.ActiveCfg = Release|Any CPU
		{0E513188-4925-4502-BE08-61A38CD00481}.Release|Any CPU.Build.0 = Release|Any CPU
		{29349310-F683-4223-B226-CE6416774738}.Debug|Any CPU.ActiveCfg = Debug|Any CPU
		{29349310-F683-4223-B226-CE6416774738}.Debug|Any CPU.Build.0 = Debug|Any CPU
		{29349310-F683-4223-B226-CE6416774738}.Release|Any CPU.ActiveCfg = Release|Any CPU
		{29349310-F683-4223-B226-CE6416774738}.Release|Any CPU.Build.0 = Release|Any CPU
		{CDA975B8-5C72-40E2-A239-56C1E855565A}.Debug|Any CPU.ActiveCfg = Debug|Any CPU
		{CDA975B8-5C72-40E2-A239-56C1E855565A}.Debug|Any CPU.Build.0 = Debug|Any CPU
		{CDA975B8-5C72-40E2-A239-56C1E855565A}.Release|Any CPU.ActiveCfg = Release|Any CPU
		{CDA975B8-5C72-40E2-A239-56C1E855565A}.Release|Any CPU.Build.0 = Release|Any CPU
	EndGlobalSection
	GlobalSection(SolutionProperties) = preSolution
		HideSolutionNode = FALSE
	EndGlobalSection
	GlobalSection(ExtensibilityGlobals) = postSolution
		SolutionGuid = {6FAE214C-86F7-41AD-88D7-3C6DBB46652E}
	EndGlobalSection
EndGlobal
